
Microsoft Visual Studio Solution File, Format Version 12.00
# Visual Studio Version 17
VisualStudioVersion = 17.7.34031.279
MinimumVisualStudioVersion = 10.0.40219.1
Project("{2150E333-8FDC-42A3-9474-1A3956D46DE8}") = "Engine", "Engine", "{3B0C2CEC-1C1E-45C2-B6A6-BCE0131AAD95}"
EndProject
Project("{2150E333-8FDC-42A3-9474-1A3956D46DE8}") = "Objects", "Objects", "{4684B577-B796-45E3-9774-5CFB72D4FD96}"
EndProject
Project("{2150E333-8FDC-42A3-9474-1A3956D46DE8}") = "Definitions", "Definitions", "{A1CCB40B-71E0-49DB-AD64-0A247A904F45}"
EndProject
Project("{2150E333-8FDC-42A3-9474-1A3956D46DE8}") = "Implementations", "Implementations", "{BC6ADDD6-5404-4B54-919D-319A0E7F19B7}"
EndProject
Project("{2150E333-8FDC-42A3-9474-1A3956D46DE8}") = "Adapters", "Adapters", "{D43393F4-E7DA-4C4B-AABD-45E4A7673B85}"
EndProject
Project("{2150E333-8FDC-42A3-9474-1A3956D46DE8}") = "Selenium", "Selenium", "{B2078BD1-37F3-409F-A4C2-A825362A51C8}"
EndProject
Project("{2150E333-8FDC-42A3-9474-1A3956D46DE8}") = "Generic", "Generic", "{F21EDF73-4794-45B6-9EA0-F01501CADEBA}"
EndProject
Project("{2150E333-8FDC-42A3-9474-1A3956D46DE8}") = "Presentation", "Presentation", "{BD4BDC6D-026C-4061-BF5F-FBC174EBC2A2}"
EndProject
Project("{2150E333-8FDC-42A3-9474-1A3956D46DE8}") = "Source", "Source", "{C8DD3BFB-7B00-4D65-9CA8-BD9C19F7748B}"
EndProject
Project("{9A19103F-16F7-4668-BE54-9A1E7A4F7556}") = "Console", "Source\Presentation\Console\Console.csproj", "{177267B5-7C04-4A92-8148-292EA2882175}"
EndProject
Project("{9A19103F-16F7-4668-BE54-9A1E7A4F7556}") = "Command", "Source\Engine\Objects\Implementations\Command\Command.csproj", "{F8A75B0C-AC47-4C11-BD4C-76D3A1B3429A}"
EndProject
Project("{9A19103F-16F7-4668-BE54-9A1E7A4F7556}") = "Suite", "Source\Engine\Objects\Implementations\Suite\Suite.csproj", "{41306BA4-41C6-4416-BBD6-4E0D97DEF228}"
EndProject
Project("{9A19103F-16F7-4668-BE54-9A1E7A4F7556}") = "Test", "Source\Engine\Objects\Implementations\Test\Test.csproj", "{4BCBB8C5-4402-4A18-BD68-B2E6F02D7A95}"
EndProject
Project("{9A19103F-16F7-4668-BE54-9A1E7A4F7556}") = "TestingProject", "Source\Engine\Objects\Implementations\TestingProject\TestingProject.csproj", "{11F74DE9-AB99-4945-8874-0C8D345AD821}"
EndProject
Project("{9A19103F-16F7-4668-BE54-9A1E7A4F7556}") = "Abstracts", "Source\Engine\Objects\Definitions\Abstracts\Abstracts.csproj", "{0AF137D7-67B6-46CF-9D6F-8BCE5C717FC8}"
EndProject
Project("{9A19103F-16F7-4668-BE54-9A1E7A4F7556}") = "Interfaces", "Source\Engine\Objects\Definitions\Interfaces\Interfaces.csproj", "{D71B0DA7-87F6-4C3F-85CB-F49FBBDFAF03}"
EndProject
Project("{9A19103F-16F7-4668-BE54-9A1E7A4F7556}") = "Support", "Source\Engine\Adapters\Selenium\Support\Support.csproj", "{28E63085-89FA-43B5-936F-03F41D03B88D}"
EndProject
Project("{9A19103F-16F7-4668-BE54-9A1E7A4F7556}") = "Helpers", "Source\Engine\Adapters\Selenium\Helpers\Helpers.csproj", "{CF9CF575-22D5-42EB-905A-9CED546181C2}"
EndProject
Project("{9A19103F-16F7-4668-BE54-9A1E7A4F7556}") = "GenericDriver", "Source\Engine\Adapters\Generic\WebDriver\GenericDriver.csproj", "{62D1BD6E-EE43-4DC8-92A4-EA019F181274}"
EndProject
Project("{2150E333-8FDC-42A3-9474-1A3956D46DE8}") = "WebDriver", "WebDriver", "{B13824AC-FB53-4611-AF74-9E61A79FAB6E}"
EndProject
Project("{2150E333-8FDC-42A3-9474-1A3956D46DE8}") = "Files", "Files", "{E9C2624E-9DAE-4CF4-A512-68F1709D72E1}"
EndProject
Project("{2150E333-8FDC-42A3-9474-1A3956D46DE8}") = "Documentation", "Documentation", "{AF128789-39A7-4880-97E2-5A3D65592F95}"
	ProjectSection(SolutionItems) = preProject
		Files\Documentation\Docs.md = Files\Documentation\Docs.md
	EndProjectSection
EndProject
Project("{2150E333-8FDC-42A3-9474-1A3956D46DE8}") = "Test Cases", "Test Cases", "{7F2D87B3-2375-42FC-B047-B295D9D096F5}"
	ProjectSection(SolutionItems) = preProject
		Files\TestCases\SIT NET6.side = Files\TestCases\SIT NET6.side
	EndProjectSection
EndProject
Project("{2150E333-8FDC-42A3-9474-1A3956D46DE8}") = "Runners", "Runners", "{FDC34979-D790-4035-B6DB-DF524BF1DF58}"
EndProject
Project("{FAE04EC0-301F-11D3-BF4B-00C04F79EFBC}") = "Runner", "Source\Engine\Runners\TestingProjectRunner\Runner.csproj", "{E4DD7BB3-8880-4D6D-9502-A1A6A3716C2A}"
EndProject
Project("{2150E333-8FDC-42A3-9474-1A3956D46DE8}") = "TestingProject", "TestingProject", "{2C3D2271-D0D2-4681-B500-66F2E622D69D}"
EndProject
Project("{FAE04EC0-301F-11D3-BF4B-00C04F79EFBC}") = "GUI", "Source\Presentation\GUI\GUI.csproj", "{E66080A9-EB19-4179-A4A2-7544ECF2132E}"
EndProject
Global
	GlobalSection(SolutionConfigurationPlatforms) = preSolution
		Debug|Any CPU = Debug|Any CPU
		Release|Any CPU = Release|Any CPU
	EndGlobalSection
	GlobalSection(ProjectConfigurationPlatforms) = postSolution
		{177267B5-7C04-4A92-8148-292EA2882175}.Debug|Any CPU.ActiveCfg = Debug|Any CPU
		{177267B5-7C04-4A92-8148-292EA2882175}.Debug|Any CPU.Build.0 = Debug|Any CPU
		{177267B5-7C04-4A92-8148-292EA2882175}.Release|Any CPU.ActiveCfg = Release|Any CPU
		{177267B5-7C04-4A92-8148-292EA2882175}.Release|Any CPU.Build.0 = Release|Any CPU
		{F8A75B0C-AC47-4C11-BD4C-76D3A1B3429A}.Debug|Any CPU.ActiveCfg = Debug|Any CPU
		{F8A75B0C-AC47-4C11-BD4C-76D3A1B3429A}.Debug|Any CPU.Build.0 = Debug|Any CPU
		{F8A75B0C-AC47-4C11-BD4C-76D3A1B3429A}.Release|Any CPU.ActiveCfg = Release|Any CPU
		{F8A75B0C-AC47-4C11-BD4C-76D3A1B3429A}.Release|Any CPU.Build.0 = Release|Any CPU
		{41306BA4-41C6-4416-BBD6-4E0D97DEF228}.Debug|Any CPU.ActiveCfg = Debug|Any CPU
		{41306BA4-41C6-4416-BBD6-4E0D97DEF228}.Debug|Any CPU.Build.0 = Debug|Any CPU
		{41306BA4-41C6-4416-BBD6-4E0D97DEF228}.Release|Any CPU.ActiveCfg = Release|Any CPU
		{41306BA4-41C6-4416-BBD6-4E0D97DEF228}.Release|Any CPU.Build.0 = Release|Any CPU
		{4BCBB8C5-4402-4A18-BD68-B2E6F02D7A95}.Debug|Any CPU.ActiveCfg = Debug|Any CPU
		{4BCBB8C5-4402-4A18-BD68-B2E6F02D7A95}.Debug|Any CPU.Build.0 = Debug|Any CPU
		{4BCBB8C5-4402-4A18-BD68-B2E6F02D7A95}.Release|Any CPU.ActiveCfg = Release|Any CPU
		{4BCBB8C5-4402-4A18-BD68-B2E6F02D7A95}.Release|Any CPU.Build.0 = Release|Any CPU
		{11F74DE9-AB99-4945-8874-0C8D345AD821}.Debug|Any CPU.ActiveCfg = Debug|Any CPU
		{11F74DE9-AB99-4945-8874-0C8D345AD821}.Debug|Any CPU.Build.0 = Debug|Any CPU
		{11F74DE9-AB99-4945-8874-0C8D345AD821}.Release|Any CPU.ActiveCfg = Release|Any CPU
		{11F74DE9-AB99-4945-8874-0C8D345AD821}.Release|Any CPU.Build.0 = Release|Any CPU
		{0AF137D7-67B6-46CF-9D6F-8BCE5C717FC8}.Debug|Any CPU.ActiveCfg = Debug|Any CPU
		{0AF137D7-67B6-46CF-9D6F-8BCE5C717FC8}.Debug|Any CPU.Build.0 = Debug|Any CPU
		{0AF137D7-67B6-46CF-9D6F-8BCE5C717FC8}.Release|Any CPU.ActiveCfg = Release|Any CPU
		{0AF137D7-67B6-46CF-9D6F-8BCE5C717FC8}.Release|Any CPU.Build.0 = Release|Any CPU
		{D71B0DA7-87F6-4C3F-85CB-F49FBBDFAF03}.Debug|Any CPU.ActiveCfg = Debug|Any CPU
		{D71B0DA7-87F6-4C3F-85CB-F49FBBDFAF03}.Debug|Any CPU.Build.0 = Debug|Any CPU
		{D71B0DA7-87F6-4C3F-85CB-F49FBBDFAF03}.Release|Any CPU.ActiveCfg = Release|Any CPU
		{D71B0DA7-87F6-4C3F-85CB-F49FBBDFAF03}.Release|Any CPU.Build.0 = Release|Any CPU
		{28E63085-89FA-43B5-936F-03F41D03B88D}.Debug|Any CPU.ActiveCfg = Debug|Any CPU
		{28E63085-89FA-43B5-936F-03F41D03B88D}.Debug|Any CPU.Build.0 = Debug|Any CPU
		{28E63085-89FA-43B5-936F-03F41D03B88D}.Release|Any CPU.ActiveCfg = Release|Any CPU
		{28E63085-89FA-43B5-936F-03F41D03B88D}.Release|Any CPU.Build.0 = Release|Any CPU
		{CF9CF575-22D5-42EB-905A-9CED546181C2}.Debug|Any CPU.ActiveCfg = Debug|Any CPU
		{CF9CF575-22D5-42EB-905A-9CED546181C2}.Debug|Any CPU.Build.0 = Debug|Any CPU
		{CF9CF575-22D5-42EB-905A-9CED546181C2}.Release|Any CPU.ActiveCfg = Release|Any CPU
		{CF9CF575-22D5-42EB-905A-9CED546181C2}.Release|Any CPU.Build.0 = Release|Any CPU
		{62D1BD6E-EE43-4DC8-92A4-EA019F181274}.Debug|Any CPU.ActiveCfg = Debug|Any CPU
		{62D1BD6E-EE43-4DC8-92A4-EA019F181274}.Debug|Any CPU.Build.0 = Debug|Any CPU
		{62D1BD6E-EE43-4DC8-92A4-EA019F181274}.Release|Any CPU.ActiveCfg = Release|Any CPU
		{62D1BD6E-EE43-4DC8-92A4-EA019F181274}.Release|Any CPU.Build.0 = Release|Any CPU
		{E4DD7BB3-8880-4D6D-9502-A1A6A3716C2A}.Debug|Any CPU.ActiveCfg = Debug|Any CPU
		{E4DD7BB3-8880-4D6D-9502-A1A6A3716C2A}.Debug|Any CPU.Build.0 = Debug|Any CPU
		{E4DD7BB3-8880-4D6D-9502-A1A6A3716C2A}.Release|Any CPU.ActiveCfg = Release|Any CPU
		{E4DD7BB3-8880-4D6D-9502-A1A6A3716C2A}.Release|Any CPU.Build.0 = Release|Any CPU
		{E66080A9-EB19-4179-A4A2-7544ECF2132E}.Debug|Any CPU.ActiveCfg = Debug|Any CPU
		{E66080A9-EB19-4179-A4A2-7544ECF2132E}.Debug|Any CPU.Build.0 = Debug|Any CPU
		{E66080A9-EB19-4179-A4A2-7544ECF2132E}.Release|Any CPU.ActiveCfg = Release|Any CPU
		{E66080A9-EB19-4179-A4A2-7544ECF2132E}.Release|Any CPU.Build.0 = Release|Any CPU
	EndGlobalSection
	GlobalSection(SolutionProperties) = preSolution
		HideSolutionNode = FALSE
	EndGlobalSection
	GlobalSection(NestedProjects) = preSolution
		{3B0C2CEC-1C1E-45C2-B6A6-BCE0131AAD95} = {C8DD3BFB-7B00-4D65-9CA8-BD9C19F7748B}
		{4684B577-B796-45E3-9774-5CFB72D4FD96} = {3B0C2CEC-1C1E-45C2-B6A6-BCE0131AAD95}
		{A1CCB40B-71E0-49DB-AD64-0A247A904F45} = {4684B577-B796-45E3-9774-5CFB72D4FD96}
		{BC6ADDD6-5404-4B54-919D-319A0E7F19B7} = {4684B577-B796-45E3-9774-5CFB72D4FD96}
		{D43393F4-E7DA-4C4B-AABD-45E4A7673B85} = {3B0C2CEC-1C1E-45C2-B6A6-BCE0131AAD95}
		{B2078BD1-37F3-409F-A4C2-A825362A51C8} = {D43393F4-E7DA-4C4B-AABD-45E4A7673B85}
		{F21EDF73-4794-45B6-9EA0-F01501CADEBA} = {D43393F4-E7DA-4C4B-AABD-45E4A7673B85}
		{BD4BDC6D-026C-4061-BF5F-FBC174EBC2A2} = {C8DD3BFB-7B00-4D65-9CA8-BD9C19F7748B}
		{177267B5-7C04-4A92-8148-292EA2882175} = {BD4BDC6D-026C-4061-BF5F-FBC174EBC2A2}
		{F8A75B0C-AC47-4C11-BD4C-76D3A1B3429A} = {BC6ADDD6-5404-4B54-919D-319A0E7F19B7}
		{41306BA4-41C6-4416-BBD6-4E0D97DEF228} = {BC6ADDD6-5404-4B54-919D-319A0E7F19B7}
		{4BCBB8C5-4402-4A18-BD68-B2E6F02D7A95} = {BC6ADDD6-5404-4B54-919D-319A0E7F19B7}
		{11F74DE9-AB99-4945-8874-0C8D345AD821} = {BC6ADDD6-5404-4B54-919D-319A0E7F19B7}
		{0AF137D7-67B6-46CF-9D6F-8BCE5C717FC8} = {A1CCB40B-71E0-49DB-AD64-0A247A904F45}
		{D71B0DA7-87F6-4C3F-85CB-F49FBBDFAF03} = {A1CCB40B-71E0-49DB-AD64-0A247A904F45}
		{28E63085-89FA-43B5-936F-03F41D03B88D} = {B2078BD1-37F3-409F-A4C2-A825362A51C8}
		{CF9CF575-22D5-42EB-905A-9CED546181C2} = {B2078BD1-37F3-409F-A4C2-A825362A51C8}
		{62D1BD6E-EE43-4DC8-92A4-EA019F181274} = {B13824AC-FB53-4611-AF74-9E61A79FAB6E}
		{B13824AC-FB53-4611-AF74-9E61A79FAB6E} = {F21EDF73-4794-45B6-9EA0-F01501CADEBA}
		{AF128789-39A7-4880-97E2-5A3D65592F95} = {E9C2624E-9DAE-4CF4-A512-68F1709D72E1}
		{7F2D87B3-2375-42FC-B047-B295D9D096F5} = {E9C2624E-9DAE-4CF4-A512-68F1709D72E1}
		{FDC34979-D790-4035-B6DB-DF524BF1DF58} = {3B0C2CEC-1C1E-45C2-B6A6-BCE0131AAD95}
		{E4DD7BB3-8880-4D6D-9502-A1A6A3716C2A} = {2C3D2271-D0D2-4681-B500-66F2E622D69D}
		{2C3D2271-D0D2-4681-B500-66F2E622D69D} = {FDC34979-D790-4035-B6DB-DF524BF1DF58}
		{E66080A9-EB19-4179-A4A2-7544ECF2132E} = {BD4BDC6D-026C-4061-BF5F-FBC174EBC2A2}
	EndGlobalSection
	GlobalSection(ExtensibilityGlobals) = postSolution
		SolutionGuid = {FA15A57E-CF6F-47FF-934D-002202FDA58F}
	EndGlobalSection
EndGlobal
